
Microsoft Visual Studio Solution File, Format Version 12.00
# Visual Studio 14
VisualStudioVersion = 14.0.25420.1
MinimumVisualStudioVersion = 10.0.40219.1
Project("{FAE04EC0-301F-11D3-BF4B-00C04F79EFBC}") = "BrinkerVII.DetailedExceptionBox", "BrinkerVII.DetailedExceptionBox\BrinkerVII.DetailedExceptionBox.csproj", "{75017356-1D45-447D-AE2E-550E72BC645F}"
EndProject
Project("{FAE04EC0-301F-11D3-BF4B-00C04F79EFBC}") = "FunctionalTest", "FunctionalTest\FunctionalTest.csproj", "{8FB56289-8640-48FB-AEC9-905D3E71F4E4}"
EndProject
Global
	GlobalSection(SolutionConfigurationPlatforms) = preSolution
		Debug|Any CPU = Debug|Any CPU
		Release|Any CPU = Release|Any CPU
	EndGlobalSection
	GlobalSection(ProjectConfigurationPlatforms) = postSolution
		{75017356-1D45-447D-AE2E-550E72BC645F}.Debug|Any CPU.ActiveCfg = Debug|Any CPU
		{75017356-1D45-447D-AE2E-550E72BC645F}.Debug|Any CPU.Build.0 = Debug|Any CPU
		{75017356-1D45-447D-AE2E-550E72BC645F}.Release|Any CPU.ActiveCfg = Release|Any CPU
		{75017356-1D45-447D-AE2E-550E72BC645F}.Release|Any CPU.Build.0 = Release|Any CPU
		{8FB56289-8640-48FB-AEC9-905D3E71F4E4}.Debug|Any CPU.ActiveCfg = Debug|Any CPU
		{8FB56289-8640-48FB-AEC9-905D3E71F4E4}.Debug|Any CPU.Build.0 = Debug|Any CPU
		{8FB56289-8640-48FB-AEC9-905D3E71F4E4}.Release|Any CPU.ActiveCfg = Release|Any CPU
		{8FB56289-8640-48FB-AEC9-905D3E71F4E4}.Release|Any CPU.Build.0 = Release|Any CPU
	EndGlobalSection
	GlobalSection(SolutionProperties) = preSolution
		HideSolutionNode = FALSE
	EndGlobalSection
EndGlobal
